
Microsoft Visual Studio Solution File, Format Version 12.00
# Visual Studio Version 17
VisualStudioVersion = 17.4.33103.184
MinimumVisualStudioVersion = 10.0.40219.1
Project("{FAE04EC0-301F-11D3-BF4B-00C04F79EFBC}") = "InteropPractice", "InteropPractice.csproj", "{F31452B3-88BD-4DA4-A93F-3D470E948551}"
EndProject
Global
	GlobalSection(SolutionConfigurationPlatforms) = preSolution
		Debug|Any CPU = Debug|Any CPU
		Release|Any CPU = Release|Any CPU
	EndGlobalSection
	GlobalSection(ProjectConfigurationPlatforms) = postSolution
		{F31452B3-88BD-4DA4-A93F-3D470E948551}.Debug|Any CPU.ActiveCfg = Debug|Any CPU
		{F31452B3-88BD-4DA4-A93F-3D470E948551}.Debug|Any CPU.Build.0 = Debug|Any CPU
		{F31452B3-88BD-4DA4-A93F-3D470E948551}.Release|Any CPU.ActiveCfg = Release|Any CPU
		{F31452B3-88BD-4DA4-A93F-3D470E948551}.Release|Any CPU.Build.0 = Release|Any CPU
	EndGlobalSection
	GlobalSection(SolutionProperties) = preSolution
		HideSolutionNode = FALSE
	EndGlobalSection
	GlobalSection(ExtensibilityGlobals) = postSolution
		SolutionGuid = {99420773-F628-4D2F-8256-6CECACEFFF7E}
	EndGlobalSection
EndGlobal
